github.com/BurntSushi/toml v0.3.1/go.mod h1:xHWCNGjB5oqiDr8zfno3MHue2Ht5sIBksp03qcyfWMU=
github.com/RaveNoX/go-jsoncommentstrip v1.0.0/go.mod h1:78ihd09MekBnJnxpICcwzCMzGrKSKYe4AqU6PDYYpjk=
github.com/apapsch/go-jsonmerge/v2 v2.0.0 h1:axGnT1gRIfimI7gJifB699GoE/oq+F2MU7Dml6nw9rQ=
github.com/apapsch/go-jsonmerge/v2 v2.0.0/go.mod h1:lvDnEdqiQrp0O42VQGgmlKpxL1AP2+08jFMw88y4klk=
github.com/aymanbagabas/go-osc52/v2 v2.0.1 h1:HwpRHbFMcZLEVr42D4p7XBqjyuxQH5SMiErDT4WkJ2k=
github.com/aymanbagabas/go-osc52/v2 v2.0.1/go.mod h1:uYgXzlJ7ZpABp8OJ+exZzJJhRNQ2ASbcXHWsFqH8hp8=
github.com/bmatcuk/doublestar v1.1.1/go.mod h1:UD6OnuiIn0yFxxA2le/rnRU1G4RaI4UvFv1sNto9p6w=
github.com/bygui86/multi-profile/v2 v2.1.0 h1:x/jPqeL/6hJqLXoDI/H5zLPsSFbDR6IEbrBbFpkWQdw=
github.com/bygui86/multi-profile/v2 v2.1.0/go.mod h1:f4qCZiQo1nnJdwbPoADUtdDXg3hhnpfgZ9iq3/kW4BA=
github.com/charmbracelet/bubbles v0.20.0 h1:jSZu6qD8cRQ6k9OMfR1WlM+ruM8fkPWkHvQWD9LIutE=
github.com/charmbracelet/bubbles v0.20.0/go.mod h1:39slydyswPy+uVOHZ5x/GjwVAFkCsV8IIVy+4MhzwwU=
github.com/charmbracelet/bubbletea v1.2.4 h1:KN8aCViA0eps9SCOThb2/XPIlea3ANJLUkv3KnQRNCE=
github.com/charmbracelet/bubbletea v1.2.4/go.mod h1:Qr6fVQw+wX7JkWWkVyXYk/ZUQ92a6XNekLXa3rR18MM=
github.com/charmbracelet/harmonica v0.2.0 h1:8NxJWRWg/bzKqqEaaeFNipOu77YR5t8aSwG4pgaUBiQ=
github.com/charmbracelet/harmonica v0.2.0/go.mod h1:KSri/1RMQOZLbw7AHqgcBycp8pgJnQMYYT8QZRqZ1Ao=
github.com/charmbracelet/lipgloss v1.0.0 h1:O7VkGDvqEdGi93X+DeqsQ7PKHDgtQfF8j8/O2qFMQNg=
github.com/charmbracelet/lipgloss v1.0.0/go.mod h1:U5fy9Z+C38obMs+T+tJqst9VGzlOYGj4ri9reL3qUlo=
github.com/charmbracelet/x/ansi v0.6.0 h1:qOznutrb93gx9oMiGf7caF7bqqubh6YIM0SWKyA08pA=
github.com/charmbracelet/x/ansi v0.6.0/go.mod h1:KBUFw1la39nl0dLl10l5ORDAqGXaeurTQmwyyVKse/Q=
github.com/charmbracelet/x/term v0.2.1 h1:AQeHeLZ1OqSXhrAWpYUtZyX1T3zVxfpZuEQMIQaGIAQ=
github.com/charmbracelet/x/term v0.2.1/go.mod h1:oQ4enTYFV7QN4m0i9mzHrViD7TQKvNEEkHUMCmsxdUg=
github.com/cheggaaa/pb v1.0.29 h1:FckUN5ngEk2LpvuG0fw1GEFx6LtyY2pWI/Z2QgCnEYo=
github.com/cheggaaa/pb v1.0.29/go.mod h1:W40334L7FMC5JKWldsTWbdGjLo0RxUKK73K+TuPxX30=
github.com/davecgh/go-spew v1.1.0/go.mod h1:J7Y8YcW2NihsgmVo/mv3lAwl/skON4iLHjSsI+c5H38=
github.com/davecgh/go-spew v1.1.2-0.20180830191138-d8f796af33cc h1:U9qPSI2PIWSS1VwoXQT9A3Wy9MM3WgvqSxFWenqJduM=
github.com/davecgh/go-spew v1.1.2-0.20180830191138-d8f796af33cc/go.mod h1:J7Y8YcW2NihsgmVo/mv3lAwl/skON4iLHjSsI+c5H38=
github.com/decred/dcrd/dcrec/secp256k1/v4 v4.3.0 h1:rpfIENRNNilwHwZeG5+P150SMrnNEcHYvcCuK6dPZSg=
github.com/decred/dcrd/dcrec/secp256k1/v4 v4.3.0/go.mod h1:v57UDF4pDQJcEfFUCRop3lJL149eHGSe9Jvczhzjo/0=
github.com/dustin/go-humanize v1.0.1 h1:GzkhY7T5VNhEkwH0PVJgjz+fX1rhBrR7pRT3mDkpeCY=
github.com/dustin/go-humanize v1.0.1/go.mod h1:Mu1zIs6XwVuF/gI1OepvI0qD18qycQx+mFykh5fBlto=
github.com/erikgeiser/coninput v0.0.0-20211004153227-1c3628e74d0f h1:Y/CXytFA4m6baUTXGLOoWe4PQhGxaX0KpnayAqC48p4=
github.com/erikgeiser/coninput v0.0.0-20211004153227-1c3628e74d0f/go.mod h1:vw97MGsxSvLiUE2X8qFplwetxpGLQrlU1Q9AUEIzCaM=
github.com/fatih/color v1.9.0/go.mod h1:eQcE1qtQxscV5RaZvpXrrb8Drkc3/DdQ+uUYCNjL+zU=
github.com/fatih/color v1.18.0 h1:S8gINlzdQ840/4pfAwic/ZE0djQEH3wM94VfqLTZcOM=
github.com/fatih/color v1.18.0/go.mod h1:4FelSpRwEGDpQ12mAdzqdOukCy4u8WUtOY6lkT/6HfU=
github.com/go-ini/ini v1.67.0 h1:z6ZrTEZqSWOTyH2FlglNbNgARyHG8oLW9gMELqKr06A=
github.com/go-ini/ini v1.67.0/go.mod h1:ByCAeIL28uOIIG0E3PJtZPDL8WnHpFKFOtgjp+3Ies8=
github.com/go-ole/go-ole v1.2.6/go.mod h1:pprOEPIfldk/42T2oK7lQ4v4JSDwmV0As9GaiUsvbm0=
github.com/go-ole/go-ole v1.3.0 h1:Dt6ye7+vXGIKZ7Xtk4s6/xVdGDQynvom7xCFEdWr6uE=
github.com/go-ole/go-ole v1.3.0/go.mod h1:5LS6F96DhAwUc7C+1HLexzMXY1xGRSryjyPPKW6zv78=
github.com/goccy/go-json v0.10.4 h1:JSwxQzIqKfmFX1swYPpUThQZp/Ka4wzJdK0LWVytLPM=
github.com/goccy/go-json v0.10.4/go.mod h1:oq7eo15ShAhp70Anwd5lgX2pLfOS3QCiwU/PULtXL6M=
github.com/golang-jwt/jwt/v4 v4.5.2 h1:YtQM7lnr8iZ+j5q71MGKkNw9Mn7AjHM68uc9g5fXeUI=
github.com/golang-jwt/jwt/v4 v4.5.2/go.mod h1:m21LjoU+eqJr34lmDMbreY2eSTRJ1cv77w39/MY0Ch0=
github.com/golang/protobuf v1.2.0/go.mod h1:6lQm79b+lXiMfvg/cZm0SGofjICqVBUtrP5yJMmIC1U=
github.com/golang/protobuf v1.5.4 h1:i7eJL8qZTpSEXOPTxNKhASYpMn+8e5Q6AdndVa1dWek=
github.com/golang/protobuf v1.5.4/go.mod h1:lnTiLA8Wa4RWRcIUkrtSVa5nRhsEGBg48fD6rSs7xps=
github.com/google/go-cmp v0.6.0 h1:ofyhxvXcZhMsU5ulbFiLKl/XBFqE1GSq7atu8tAmTRI=
github.com/google/go-cmp v0.6.0/go.mod h1:17dUlkBOakJ0+DkrSSNjCkIjxS6bF9zb3elmeNGIjoY=
github.com/google/uuid v1.6.0 h1:NIvaJDMOsjHA8n1jAhLSgzrAzy1Hgr+hNrb57e+94F0=
github.com/google/uuid v1.6.0/go.mod h1:TIyPZe4MgqvfeYDBFedMoGGpEw/LqOeaOT+nhxU+yHo=
github.com/hashicorp/errwrap v1.0.0/go.mod h1:YH+1FKiLXxHSkmPseP+kNlulaMuP3n2brvKWEqk/Jc4=
github.com/hashicorp/errwrap v1.1.0 h1:OxrOeh75EUXMY8TBjag2fzXGZ40LB6IKw45YeGUDY2I=
github.com/hashicorp/errwrap v1.1.0/go.mod h1:YH+1FKiLXxHSkmPseP+kNlulaMuP3n2brvKWEqk/Jc4=
github.com/hashicorp/go-multierror v1.0.0/go.mod h1:dHtQlpGsu+cZNNAkkCN/P3hoUDHhCYQXV3UM06sGGrk=
github.com/hashicorp/go-multierror v1.1.1 h1:H5DkEtf6CXdFp0N0Em5UCwQpXMWke8IA0+lD48awMYo=
github.com/hashicorp/go-multierror v1.1.1/go.mod h1:iw975J/qwKPdAO1clOe2L8331t/9/fmwbPZ6JB6eMoM=
github.com/influxdata/influxdb-client-go/v2 v2.14.0 h1:AjbBfJuq+QoaXNcrova8smSjwJdUHnwvfjMF71M1iI4=
github.com/influxdata/influxdb-client-go/v2 v2.14.0/go.mod h1:Ahpm3QXKMJslpXl3IftVLVezreAUtBOTZssDrjZEFHI=
github.com/influxdata/line-protocol v0.0.0-20210922203350-b1ad95c89adf h1:7JTmneyiNEwVBOHSjoMxiWAqB992atOeepeFYegn5RU=
github.com/influxdata/line-protocol v0.0.0-20210922203350-b1ad95c89adf/go.mod h1:xaLFMmpvUxqXtVkUJfg9QmT88cDaCJ3ZKgdZ78oO8Qo=
github.com/jfsmig/prng v0.0.2 h1:aZun+YgmBnUyhqvI+EDjwmOYc1kCPsihdEr9V/1YlGA=
github.com/jfsmig/prng v0.0.2/go.mod h1:bz1fX1aizp8/Lu1thLzfirh5uExjC1lVwB8SSt6ExpE=
github.com/juju/gnuflag v0.0.0-20171113085948-2ce1bb71843d/go.mod h1:2PavIy+JPciBPrBUjwbNvtwB6RQlve+hkpll6QSNmOE=
github.com/klauspost/compress v1.17.11 h1:In6xLpyWOi1+C7tXUUWv2ot1QvBjxevKAaI6IXrJmUc=
github.com/klauspost/compress v1.17.11/go.mod h1:pMDklpSncoRMuLFrf1W9Ss9KT+0rH90U12bZKk7uwG0=
github.com/klauspost/cpuid/v2 v2.0.1/go.mod h1:FInQzS24/EEf25PyTYn52gqo7WaD8xa0213Md/qVLRg=
github.com/klauspost/cpuid/v2 v2.2.9 h1:66ze0taIn2H33fBvCkXuv9BmCwDfafmiIVpKV9kKGuY=
github.com/klauspost/cpuid/v2 v2.2.9/go.mod h1:rqkxqrZ1EhYM9G+hXH7YdowN5R5RGN6NK4QwQ3WMXF8=
github.com/kr/pretty v0.3.1 h1:flRD4NNwYAUpkphVc1HcthR4KEIFJ65n8Mw5qdRn3LE=
github.com/kr/pretty v0.3.1/go.mod h1:hoEshYVHaxMs3cyo3Yncou5ZscifuDolrwPKZanG3xk=
github.com/kr/text v0.2.0 h1:5Nx0Ya0ZqY2ygV366QzturHI13Jq95ApcVaJBhpS+AY=
github.com/kr/text v0.2.0/go.mod h1:eLer722TekiGuMkidMxC/pM04lWEeraHUUmBw8l2grE=
github.com/lestrrat-go/blackmagic v1.0.2 h1:Cg2gVSc9h7sz9NOByczrbUvLopQmXrfFx//N+AkAr5k=
github.com/lestrrat-go/blackmagic v1.0.2/go.mod h1:UrEqBzIR2U6CnzVyUtfM6oZNMt/7O7Vohk2J0OGSAtU=
github.com/lestrrat-go/httpcc v1.0.1 h1:ydWCStUeJLkpYyjLDHihupbn2tYmZ7m22BGkcvZZrIE=
github.com/lestrrat-go/httpcc v1.0.1/go.mod h1:qiltp3Mt56+55GPVCbTdM9MlqhvzyuL6W/NMDA8vA5E=
github.com/lestrrat-go/httprc v1.0.6 h1:qgmgIRhpvBqexMJjA/PmwSvhNk679oqD1RbovdCGW8k=
github.com/lestrrat-go/httprc v1.0.6/go.mod h1:mwwz3JMTPBjHUkkDv/IGJ39aALInZLrhBp0X7KGUZlo=
github.com/lestrrat-go/iter v1.0.2 h1:gMXo1q4c2pHmC3dn8LzRhJfP1ceCbgSiT9lUydIzltI=
github.com/lestrrat-go/iter v1.0.2/go.mod h1:Momfcq3AnRlRjI5b5O8/G5/BvpzrhoFTZcn06fEOPt4=
github.com/lestrrat-go/jwx/v2 v2.1.3 h1:Ud4lb2QuxRClYAmRleF50KrbKIoM1TddXgBrneT5/Jo=
github.com/lestrrat-go/jwx/v2 v2.1.3/go.mod h1:q6uFgbgZfEmQrfJfrCo90QcQOcXFMfbI/fO0NqRtvZo=
github.com/lestrrat-go/option v1.0.1 h1:oAzP2fvZGQKWkvHa1/SAcFolBEca1oN+mQ7eooNBEYU=
github.com/lestrrat-go/option v1.0.1/go.mod h1:5ZHFbivi4xwXxhxY9XHDe2FHo6/Z7WWmtT7T5nBBp3I=
github.com/lucasb-eyer/go-colorful v1.2.0 h1:1nnpGOrhyZZuNyfu1QjKiUICQ74+3FNCN69Aj6K7nkY=
github.com/lucasb-eyer/go-colorful v1.2.0/go.mod h1:R4dSotOR9KMtayYi1e77YzuveK+i7ruzyGqttikkLy0=
github.com/lufia/plan9stats v0.0.0-20240909124753-873cd0166683 h1:7UMa6KCCMjZEMDtTVdcGu0B1GmmC7QJKiCCjyTAWQy0=
github.com/lufia/plan9stats v0.0.0-20240909124753-873cd0166683/go.mod h1:ilwx/Dta8jXAgpFYFvSWEMwxmbWXyiUHkd5FwyKhb5k=
github.com/mattn/go-colorable v0.1.4/go.mod h1:U0ppj6V5qS13XJ6of8GYAs25YV2eR4EVcfRqFIhoBtE=
github.com/mattn/go-colorable v0.1.13 h1:fFA4WZxdEF4tXPZVKMLwD8oUnCTTo08duU7wxecdEvA=
github.com/mattn/go-colorable v0.1.13/go.mod h1:7S9/ev0klgBDR4GtXTXX8a3vIGJpMovkB8vQcUbaXHg=
github.com/mattn/go-isatty v0.0.8/go.mod h1:Iq45c/XA43vh69/j3iqttzPXn0bhXyGjM0Hdxcsrc5s=
github.com/mattn/go-isatty v0.0.11/go.mod h1:PhnuNfih5lzO57/f3n+odYbM4JtupLOxQOAqxQCu2WE=
github.com/mattn/go-isatty v0.0.16/go.mod h1:kYGgaQfpe5nmfYZH+SKPsOc2e4SrIfOl2e/yFXSvRLM=
github.com/mattn/go-isatty v0.0.20 h1:xfD0iDuEKnDkl03q4limB+vH+GxLEtL/jb4xVJSWWEY=
github.com/mattn/go-isatty v0.0.20/go.mod h1:W+V8PltTTMOvKvAeJH7IuucS94S2C6jfK/D7dTCTo3Y=
github.com/mattn/go-localereader v0.0.1 h1:ygSAOl7ZXTx4RdPYinUpg6W99U8jWvWi9Ye2JC/oIi4=
github.com/mattn/go-localereader v0.0.1/go.mod h1:8fBrzywKY7BI3czFoHkuzRoWE9C+EiG4R1k4Cjx5p88=
github.com/mattn/go-runewidth v0.0.4/go.mod h1:LwmH8dsx7+W8Uxz3IHJYH5QSwggIsqBzpuz5H//U1FU=
github.com/mattn/go-runewidth v0.0.16 h1:E5ScNMtiwvlvB5paMFdw9p4kSQzbXFikJ5SQO6TULQc=
github.com/mattn/go-runewidth v0.0.16/go.mod h1:Jdepj2loyihRzMpdS35Xk/zdY8IAYHsh153qUoGf23w=
github.com/matttproud/golang_protobuf_extensions v1.0.4 h1:mmDVorXM7PCGKw94cs5zkfA9PSy5pEvNWRP0ET0TIVo=
github.com/matttproud/golang_protobuf_extensions v1.0.4/go.mod h1:BSXmuO+STAnVfrANrmjBb36TMTDstsz7MSK+HVaYKv4=
github.com/minio/cli v1.24.2 h1:J+fCUh9mhPLjN3Lj/YhklXvxj8mnyE/D6FpFduXJ2jg=
github.com/minio/cli v1.24.2/go.mod h1:bYxnK0uS629N3Bq+AOZZ+6lwF77Sodk4+UL9vNuXhOY=
github.com/minio/madmin-go/v3 v3.0.86 h1:42fMEDtA0bP79upi8Q4yGEquCw+uxsFUdCrJdtRI6Jw=
github.com/minio/madmin-go/v3 v3.0.86/go.mod h1:pMLdj9OtN0CANNs5tdm6opvOlDFfj0WhbztboZAjRWE=
github.com/minio/mc v0.0.0-20250102131134-b1a3941f22f5 h1:BNw1HAd7GCH5OqWF1IfzIQuDs6Tk9ssFchkhCy00rA0=
github.com/minio/mc v0.0.0-20250102131134-b1a3941f22f5/go.mod h1:QzDl5iEHkxNLY+ociZc0DJHIIs9p73RNYFWMFuwq+jM=
github.com/minio/md5-simd v1.1.2 h1:Gdi1DZK69+ZVMoNHRXJyNcxrMA4dSxoYHZSQbirFg34=
github.com/minio/md5-simd v1.1.2/go.mod h1:MzdKDxYpY2BT9XQFocsiZf/NKVtR7nkE4RoEpN+20RM=
github.com/minio/minio-go/v7 v7.0.83 h1:W4Kokksvlz3OKf3OqIlzDNKd4MERlC2oN8YptwJ0+GA=
github.com/minio/minio-go/v7 v7.0.83/go.mod h1:57YXpvc5l3rjPdhqNrDsvVlY0qPI6UTk1bflAe+9doY=
github.com/minio/mux v1.9.0 h1:dWafQFyEfGhJvK6AwLOt83bIG5bxKxKJnKMCi0XAaoA=
github.com/minio/mux v1.9.0/go.mod h1:1pAare17ZRL5GpmNL+9YmqHoWnLmMZF9C/ioUCfy0BQ=
github.com/minio/pkg/v3 v3.0.26-0.20250106155027-2becdc33e233 h1:SR5q/92Xqkj2Zg3O3sPnJvms+/ZMN5W1mSiA3htdnhc=
github.com/minio/pkg/v3 v3.0.26-0.20250106155027-2becdc33e233/go.mod h1:mIaN552nu0D2jiSk5BQC8LB25f44ytbOBJCuLtksX7Q=
github.com/minio/websocket v1.6.0 h1:CPvnQvNvlVaQmvw5gtJNyYQhg4+xRmrPNhBbv8BdpAE=
github.com/minio/websocket v1.6.0/go.mod h1:COH1CePZfHT9Ec1O7vZjTlX5uEPpyYnrifPNbu665DM=
github.com/muesli/ansi v0.0.0-20230316100256-276c6243b2f6 h1:ZK8zHtRHOkbHy6Mmr5D264iyp3TiX5OmNcI5cIARiQI=
github.com/muesli/ansi v0.0.0-20230316100256-276c6243b2f6/go.mod h1:CJlz5H+gyd6CUWT45Oy4q24RdLyn7Md9Vj2/ldJBSIo=
github.com/muesli/cancelreader v0.2.2 h1:3I4Kt4BQjOR54NavqnDogx/MIoWBFa0StPA8ELUXHmA=
github.com/muesli/cancelreader v0.2.2/go.mod h1:3XuTXfFS2VjM+HTLZY9Ak0l6eUKfijIfMUZ4EgX0QYo=
github.com/muesli/termenv v0.15.2 h1:GohcuySI0QmI3wN8Ok9PtKGkgkFIk7y6Vpb5PvrY+Wo=
github.com/muesli/termenv v0.15.2/go.mod h1:Epx+iuz8sNs7mNKhxzH4fWXGNpZwUaJKRS1noLXviQ8=
github.com/munnerz/goautoneg v0.0.0-20191010083416-a7dc8b61c822 h1:C3w9PqII01/Oq1c1nUAm88MOHcQC9l5mIlSMApZMrHA=
github.com/munnerz/goautoneg v0.0.0-20191010083416-a7dc8b61c822/go.mod h1:+n7T8mK8HuQTcFwEeznm/DIxMOiR9yIdICNftLE1DvQ=
github.com/oapi-codegen/runtime v1.0.0 h1:P4rqFX5fMFWqRzY9M/3YF9+aPSPPB06IzP2P7oOxrWo=
github.com/oapi-codegen/runtime v1.0.0/go.mod h1:LmCUMQuPB4M/nLXilQXhHw+BLZdDb18B34OO356yJ/A=
github.com/philhofer/fwd v1.1.3-0.20240916144458-20a13a1f6b7c h1:dAMKvw0MlJT1GshSTtih8C2gDs04w8dReiOGXrGLNoY=
github.com/philhofer/fwd v1.1.3-0.20240916144458-20a13a1f6b7c/go.mod h1:RqIHx9QI14HlwKwm98g9Re5prTQ6LdeRQn+gXJFxsJM=
github.com/pmezard/go-difflib v1.0.0/go.mod h1:iKH77koFhYxTK1pcRnkKkqfTogsbg7gZNVY4sRDYZ/4=
github.com/pmezard/go-difflib v1.0.1-0.20181226105442-5d4384ee4fb2 h1:Jamvg5psRIccs7FGNTlIRMkT8wgtp5eCXdBlqhYGL6U=
github.com/pmezard/go-difflib v1.0.1-0.20181226105442-5d4384ee4fb2/go.mod h1:iKH77koFhYxTK1pcRnkKkqfTogsbg7gZNVY4sRDYZ/4=
github.com/posener/complete v1.2.3 h1:NP0eAhjcjImqslEwo/1hq7gpajME0fTLTezBKDqfXqo=
github.com/posener/complete v1.2.3/go.mod h1:WZIdtGGp+qx0sLrYKtIRAruyNpv6hFCicSgv7Sy7s/s=
github.com/power-devops/perfstat v0.0.0-20240221224432-82ca36839d55 h1:o4JXh1EVt9k/+g42oCprj/FisM4qX9L3sZB3upGN2ZU=
github.com/power-devops/perfstat v0.0.0-20240221224432-82ca36839d55/go.mod h1:OmDBASR4679mdNQnz2pUhc2G8CO2JrUAVFDRBDP/hJE=
github.com/prometheus/client_model v0.6.1 h1:ZKSh/rekM+n3CeS952MLRAdFwIKqeY8b62p8ais2e9E=
github.com/prometheus/client_model v0.6.1/go.mod h1:OrxVMOVHjw3lKMa8+x6HeMGkHMQyHDk9E3jmP2AmGiY=
github.com/prometheus/common v0.61.0 h1:3gv/GThfX0cV2lpO7gkTUwZru38mxevy90Bj8YFSRQQ=
github.com/prometheus/common v0.61.0/go.mod h1:zr29OCN/2BsJRaFwG8QOBr41D6kkchKbpeNH7pAjb/s=
github.com/prometheus/procfs v0.15.1 h1:YagwOFzUgYfKKHX6Dr+sHT7km/hxC76UB0learggepc=
github.com/prometheus/procfs v0.15.1/go.mod h1:fB45yRUv8NstnjriLhBQLuOUt+WW4BsoGhij/e3PBqk=
github.com/prometheus/prom2json v1.4.1 h1:7McxdrHgPEOtMwWjkKtd0v5AhpR2Q6QAnlHKVxq0+tQ=
github.com/prometheus/prom2json v1.4.1/go.mod h1:CzOQykSKFxXuC7ELUZHOHQvwKesQ3eN0p2PWLhFitQM=
github.com/prometheus/prometheus v0.301.0 h1:0z8dgegmILivNomCd79RKvVkIols8vBGPKmcIBc7OyY=
github.com/prometheus/prometheus v0.301.0/go.mod h1:BJLjWCKNfRfjp7Q48DrAjARnCi7GhfUVvUFEAWTssZM=
github.com/rivo/uniseg v0.2.0/go.mod h1:J6wj4VEh+S6ZtnVlnTBMWIodfgj8LQOQFoIToxlJtxc=
github.com/rivo/uniseg v0.4.7 h1:WUdvkW8uEhrYfLC4ZzdpI2ztxP1I582+49Oc5Mq64VQ=
github.com/rivo/uniseg v0.4.7/go.mod h1:FN3SvrM+Zdj16jyLfmOkMNblXMcoc8DfTHruCPUcx88=
github.com/rjeczalik/notify v0.9.3 h1:6rJAzHTGKXGj76sbRgDiDcYj/HniypXmSJo1SWakZeY=
github.com/rjeczalik/notify v0.9.3/go.mod h1:gF3zSOrafR9DQEWSE8TjfI9NkooDxbyT4UgRGKZA0lc=
github.com/rogpeppe/go-internal v1.10.0 h1:TMyTOH3F/DB16zRVcYyreMH6GnZZrwQVAoYjRBZyWFQ=
github.com/rogpeppe/go-internal v1.10.0/go.mod h1:UQnix2H7Ngw/k4C5ijL5+65zddjncjaFoBhdsK/akog=
github.com/rs/xid v1.6.0 h1:fV591PaemRlL6JfRxGDEPl69wICngIQ3shQtzfy2gxU=
github.com/rs/xid v1.6.0/go.mod h1:7XoLgs4eV+QndskICGsho+ADou8ySMSjJKDIan90Nz0=
github.com/safchain/ethtool v0.5.9 h1://6RvaOKFf3nQ0rl5+8zBbE4/72455VC9Jq61pfq67E=
github.com/safchain/ethtool v0.5.9/go.mod h1:w8oSsZeowyRaM7xJJBAbubzzrOkwO8TBgPSEqPP/5mg=
github.com/secure-io/sio-go v0.3.1 h1:dNvY9awjabXTYGsTF1PiCySl9Ltofk9GA3VdWlo7rRc=
github.com/secure-io/sio-go v0.3.1/go.mod h1:+xbkjDzPjwh4Axd07pRKSNriS9SCiYksWnZqdnfpQxs=
github.com/segmentio/asm v1.2.0 h1:9BQrFxC+YOHJlTlHGkTrFWf59nbL3XnCoFLTwDCI7ys=
github.com/segmentio/asm v1.2.0/go.mod h1:BqMnlJP91P8d+4ibuonYZw9mfnzI9HfxselHZr5aAcs=
github.com/shirou/gopsutil/v3 v3.24.5 h1:i0t8kL+kQTvpAYToeuiVk3TgDeKOFioZO3Ztz/iZ9pI=
github.com/shirou/gopsutil/v3 v3.24.5/go.mod h1:bsoOS1aStSs9ErQ1WWfxllSeS1K5D+U30r2NfcubMVk=
github.com/shoenig/go-m1cpu v0.1.6 h1:nxdKQNcEB6vzgA2E2bvzKIYRuNj7XNJ4S/aRSwKzFtM=
github.com/shoenig/go-m1cpu v0.1.6/go.mod h1:1JJMcUBvfNwpq05QDQVAnx3gUHr9IYF7GNg9SUEw2VQ=
github.com/shoenig/test v0.6.4 h1:kVTaSd7WLz5WZ2IaoM0RSzRsUD+m8wRR+5qvntpn4LU=
github.com/shoenig/test v0.6.4/go.mod h1:byHiCGXqrVaflBLAMq/srcZIHynQPQgeyvkvXnjqq0k=
github.com/spkg/bom v0.0.0-20160624110644-59b7046e48ad/go.mod h1:qLr4V1qq6nMqFKkMo8ZTx3f+BZEkzsRUY10Xsm2mwU0=
github.com/stretchr/objx v0.1.0/go.mod h1:HFkY916IF+rwdDfMAkV7OtwuqBVzrE8GR6GFx+wExME=
github.com/stretchr/testify v1.3.0/go.mod h1:M5WIy9Dh21IEIfnGCwXGc5bZfKNJtfHm1UVUgZn+9EI=
github.com/stretchr/testify v1.4.0/go.mod h1:j7eGeouHqKxXV5pUuKE4zz7dFj8WfuZ+81PSLYec5m4=
github.com/stretchr/testify v1.6.1/go.mod h1:6Fq8oRcR53rry900zMqJjRRixrwX3KX962/h/Wwjteg=
github.com/stretchr/testify v1.7.1/go.mod h1:6Fq8oRcR53rry900zMqJjRRixrwX3KX962/h/Wwjteg=
github.com/stretchr/testify v1.10.0 h1:Xv5erBjTwe/5IxqUQTdXv5kgmIvbHo3QQyRwhJsOfJA=
github.com/stretchr/testify v1.10.0/go.mod h1:r2ic/lqez/lEtzL7wO/rwa5dbSLXVDPFyf8C91i36aY=
github.com/tinylib/msgp v1.2.5 h1:WeQg1whrXRFiZusidTQqzETkRpGjFjcIhW6uqWH09po=
github.com/tinylib/msgp v1.2.5/go.mod h1:ykjzy2wzgrlvpDCRc4LA8UXy6D8bzMSuAF3WD57Gok0=
github.com/tklauser/go-sysconf v0.3.14 h1:g5vzr9iPFFz24v2KZXs/pvpvh8/V9Fw6vQK5ZZb78yU=
github.com/tklauser/go-sysconf v0.3.14/go.mod h1:1ym4lWMLUOhuBOPGtRcJm7tEGX4SCYNEEEtghGG/8uY=
github.com/tklauser/numcpus v0.9.0 h1:lmyCHtANi8aRUgkckBgoDk1nHCux3n2cgkJLXdQGPDo=
github.com/tklauser/numcpus v0.9.0/go.mod h1:SN6Nq1O3VychhC1npsWostA+oW+VOQTxZrS604NSRyI=
github.com/yusufpapurcu/wmi v1.2.4 h1:zFUKzehAFReQwLys1b/iSMl+JQGSCSjtVqQn9bBrPo0=
github.com/yusufpapurcu/wmi v1.2.4/go.mod h1:SBZ9tNy3G9/m5Oi98Zks0QjeHVDvuK0qfxQmPyzfmi0=
golang.org/x/crypto v0.0.0-20190308221718-c2843e01d9a2/go.mod h1:djNgcEr1/C05ACkg1iLfiJU5Ep61QUkGW8qpdssI0+w=
golang.org/x/crypto v0.0.0-20200302210943-78000ba7a073/go.mod h1:LzIPMQfyMNhhGPhUkYOs5KpL4U8rLKemX1yGLhDgUto=
golang.org/x/crypto v0.35.0 h1:b15kiHdrGCHrP6LvwaQ3c03kgNhhiMgvlhxHQhmg2Xs=
golang.org/x/crypto v0.35.0/go.mod h1:dy7dXNW32cAb/6/PRuTNsix8T+vJAqvuIy5Bli/x0YQ=
golang.org/x/net v0.0.0-20190404232315-eb5bcb51f2a3/go.mod h1:t9HGtf8HONx5eT2rtn7q6eTqICYqUVnKs3thJo3Qplg=
golang.org/x/net v0.36.0 h1:vWF2fRbw4qslQsQzgFqZff+BItCvGFQqKzKIzx1rmoA=
golang.org/x/net v0.36.0/go.mod h1:bFmbeoIPfrw4sMHNhb4J9f6+tPziuGjq7Jk/38fxi1I=
golang.org/x/sync v0.0.0-20181221193216-37e7f081c4d4/go.mod h1:RxMgew5VJxzue5/jJTE5uejpjVlOe/izrB70Jof72aM=
golang.org/x/sync v0.11.0 h1:GGz8+XQP4FvTTrjZPzNKTMFtSXH80RAzG+5ghFPgK9w=
golang.org/x/sync v0.11.0/go.mod h1:Czt+wKu1gCyEFDUtn0jG5QVvpJ6rzVqr5aXyt9drQfk=
golang.org/x/sys v0.0.0-20180926160741-c2ed4eda69e7/go.mod h1:STP8DvDyc/dI5b8T5hshtkjS+E42TnysNCUPdjciGhY=
golang.org/x/sys v0.0.0-20190215142949-d0b11bdaac8a/go.mod h1:STP8DvDyc/dI5b8T5hshtkjS+E42TnysNCUPdjciGhY=
golang.org/x/sys v0.0.0-20190222072716-a9d3bda3a223/go.mod h1:STP8DvDyc/dI5b8T5hshtkjS+E42TnysNCUPdjciGhY=
golang.org/x/sys v0.0.0-20190412213103-97732733099d/go.mod h1:h1NjWce9XRLGQEsW7wpKNCjG9DtNlClVuFLEZdDNbEs=
golang.org/x/sys v0.0.0-20190916202348-b4ddaad3f8a3/go.mod h1:h1NjWce9XRLGQEsW7wpKNCjG9DtNlClVuFLEZdDNbEs=
golang.org/x/sys v0.0.0-20191026070338-33540a1f6037/go.mod h1:h1NjWce9XRLGQEsW7wpKNCjG9DtNlClVuFLEZdDNbEs=
golang.org/x/sys v0.0.0-20200302150141-5c8b2ff67527/go.mod h1:h1NjWce9XRLGQEsW7wpKNCjG9DtNlClVuFLEZdDNbEs=
golang.org/x/sys v0.0.0-20201204225414-ed752295db88/go.mod h1:h1NjWce9XRLGQEsW7wpKNCjG9DtNlClVuFLEZdDNbEs=
golang.org/x/sys v0.0.0-20210809222454-d867a43fc93e/go.mod h1:oPkhp1MJrh7nUepCBck5+mAzfO9JrbApNNgaTdGDITg=
golang.org/x/sys v0.0.0-20220811171246-fbc7d0a398ab/go.mod h1:oPkhp1MJrh7nUepCBck5+mAzfO9JrbApNNgaTdGDITg=
golang.org/x/sys v0.1.0/go.mod h1:oPkhp1MJrh7nUepCBck5+mAzfO9JrbApNNgaTdGDITg=
golang.org/x/sys v0.6.0/go.mod h1:oPkhp1MJrh7nUepCBck5+mAzfO9JrbApNNgaTdGDITg=
golang.org/x/sys v0.27.0/go.mod h1:/VUhepiaJMQUp4+oa/7Zr1D23ma6VTLIYjOOTFZPUcA=
golang.org/x/sys v0.30.0 h1:QjkSwP/36a20jFYWkSue1YwXzLmsV5Gfq7Eiy72C1uc=
golang.org/x/sys v0.30.0/go.mod h1:/VUhepiaJMQUp4+oa/7Zr1D23ma6VTLIYjOOTFZPUcA=
golang.org/x/text v0.3.0/go.mod h1:NqM8EUOU14njkJ3fqMW+pc6Ldnwhi/IjpwHt7yyuwOQ=
golang.org/x/text v0.22.0 h1:bofq7m3/HAFvbF51jz3Q9wLg3jkvSPuiZu/pD1XwgtM=
golang.org/x/text v0.22.0/go.mod h1:YRoo4H8PVmsu+E3Ou7cqLVH8oXWIHVoX0jqUWALQhfY=
golang.org/x/time v0.9.0 h1:EsRrnYcQiGH+5FfbgvV4AP7qEZstoyrHB0DzarOQ4ZY=
golang.org/x/time v0.9.0/go.mod h1:3BpzKBy/shNhVucY/MWOyx10tF3SFh9QdLuxbVysPQM=
google.golang.org/protobuf v1.36.1 h1:yBPeRvTftaleIgM3PZ/WBIZ7XM/eEYAaEyCwvyjq/gk=
google.golang.org/protobuf v1.36.1/go.mod h1:9fA7Ob0pmnwhb644+1+CVWFRbNajQ6iRojtC/QF5bRE=
gopkg.in/check.v1 v0.0.0-20161208181325-20d25e280405/go.mod h1:Co6ibVJAznAaIkqp8huTwlJQCZ016jof/cbN4VW5Yz0=
gopkg.in/check.v1 v1.0.0-20201130134442-10cb98267c6c h1:Hei/4ADfdWqJk1ZMxUNpqntNwaWcugrBjAiHlqqRiVk=
gopkg.in/check.v1 v1.0.0-20201130134442-10cb98267c6c/go.mod h1:JHkPIbrfpd72SG/EVd6muEfDQjcINNoR0C8j2r3qZ4Q=
gopkg.in/urfave/cli.v1 v1.20.0/go.mod h1:vuBzUtMdQeixQj8LVd+/98pzhxNGQoyuPBlsXHOQNO0=
gopkg.in/yaml.v2 v2.2.2/go.mod h1:hI93XBmqTisBFMUTm0b8Fm+jr3Dg1NNxqwp+5A1VGuI=
gopkg.in/yaml.v3 v3.0.0-20200313102051-9f266ea9e77c/go.mod h1:K4uyk7z7BCEPqu6E+C64Yfv1cQ7kz7rIZviUmN+EgEM=
gopkg.in/yaml.v3 v3.0.1 h1:fxVm/GzAzEWqLHuvctI91KS9hhNmmWOoWu0XTYJS7CA=
gopkg.in/yaml.v3 v3.0.1/go.mod h1:K4uyk7z7BCEPqu6E+C64Yfv1cQ7kz7rIZviUmN+EgEM=
