github.com/BurntSushi/toml v0.3.1/go.mod h1:xHWCNGjB5oqiDr8zfno3MHue2Ht5sIBksp03qcyfWMU=
github.com/RaveNoX/go-jsoncommentstrip v1.0.0/go.mod h1:78ihd09MekBnJnxpICcwzCMzGrKSKYe4AqU6PDYYpjk=
github.com/apapsch/go-jsonmerge/v2 v2.0.0 h1:axGnT1gRIfimI7gJifB699GoE/oq+F2MU7Dml6nw9rQ=
github.com/apapsch/go-jsonmerge/v2 v2.0.0/go.mod h1:lvDnEdqiQrp0O42VQGgmlKpxL1AP2+08jFMw88y4klk=
github.com/aymanbagabas/go-osc52/v2 v2.0.1 h1:HwpRHbFMcZLEVr42D4p7XBqjyuxQH5SMiErDT4WkJ2k=
github.com/aymanbagabas/go-osc52/v2 v2.0.1/go.mod h1:uYgXzlJ7ZpABp8OJ+exZzJJhRNQ2ASbcXHWsFqH8hp8=
github.com/bmatcuk/doublestar v1.1.1/go.mod h1:UD6OnuiIn0yFxxA2le/rnRU1G4RaI4UvFv1sNto9p6w=
github.com/bygui86/multi-profile/v2 v2.1.0 h1:x/jPqeL/6hJqLXoDI/H5zLPsSFbDR6IEbrBbFpkWQdw=
github.com/bygui86/multi-profile/v2 v2.1.0/go.mod h1:f4qCZiQo1nnJdwbPoADUtdDXg3hhnpfgZ9iq3/kW4BA=
github.com/cespare/xxhash/v2 v2.3.0 h1:UL815xU9SqsFlibzuggzjXhog7bL6oX9BbNZnL2UFvs=
github.com/cespare/xxhash/v2 v2.3.0/go.mod h1:VGX0DQ3Q6kWi7AoAeZDth3/j3BFtOZR5XLFGgcrjCOs=
github.com/charmbracelet/bubbles v0.21.0 h1:9TdC97SdRVg/1aaXNVWfFH3nnLAwOXr8Fn6u6mfQdFs=
github.com/charmbracelet/bubbles v0.21.0/go.mod h1:HF+v6QUR4HkEpz62dx7ym2xc71/KBHg+zKwJtMw+qtg=
github.com/charmbracelet/bubbletea v1.3.4 h1:kCg7B+jSCFPLYRA52SDZjr51kG/fMUEoPoZrkaDHyoI=
github.com/charmbracelet/bubbletea v1.3.4/go.mod h1:dtcUCyCGEX3g9tosuYiut3MXgY/Jsv9nKVdibKKRRXo=
github.com/charmbracelet/colorprofile v0.3.0 h1:KtLh9uuu1RCt+Hml4s6Hz+kB1PfV3wi++1h5ia65yKQ=
github.com/charmbracelet/colorprofile v0.3.0/go.mod h1:oHJ340RS2nmG1zRGPmhJKJ/jf4FPNNk0P39/wBPA1G0=
github.com/charmbracelet/colorprofile v0.3.1 h1:k8dTHMd7fgw4bnFd7jXTLZrSU/CQrKnL3m+AxCzDz40=
github.com/charmbracelet/colorprofile v0.3.1/go.mod h1:/GkGusxNs8VB/RSOh3fu0TJmQ4ICMMPApIIVn0KszZ0=
github.com/charmbracelet/harmonica v0.2.0 h1:8NxJWRWg/bzKqqEaaeFNipOu77YR5t8aSwG4pgaUBiQ=
github.com/charmbracelet/harmonica v0.2.0/go.mod h1:KSri/1RMQOZLbw7AHqgcBycp8pgJnQMYYT8QZRqZ1Ao=
github.com/charmbracelet/lipgloss v1.1.0 h1:vYXsiLHVkK7fp74RkV7b2kq9+zDLoEU4MZoFqR/noCY=
github.com/charmbracelet/lipgloss v1.1.0/go.mod h1:/6Q8FR2o+kj8rz4Dq0zQc3vYf7X+B0binUUBwA0aL30=
github.com/charmbracelet/x/ansi v0.8.0 h1:9GTq3xq9caJW8ZrBTe0LIe2fvfLR/bYXKTx2llXn7xE=
github.com/charmbracelet/x/ansi v0.8.0/go.mod h1:wdYl/ONOLHLIVmQaxbIYEC/cRKOQyjTkowiI4blgS9Q=
github.com/charmbracelet/x/cellbuf v0.0.13 h1:/KBBKHuVRbq1lYx5BzEHBAFBP8VcQzJejZ/IA3iR28k=
github.com/charmbracelet/x/cellbuf v0.0.13/go.mod h1:xe0nKWGd3eJgtqZRaN9RjMtK7xUYchjzPr7q6kcvCCs=
github.com/charmbracelet/x/term v0.2.1 h1:AQeHeLZ1OqSXhrAWpYUtZyX1T3zVxfpZuEQMIQaGIAQ=
github.com/charmbracelet/x/term v0.2.1/go.mod h1:oQ4enTYFV7QN4m0i9mzHrViD7TQKvNEEkHUMCmsxdUg=
github.com/cheggaaa/pb v1.0.29 h1:FckUN5ngEk2LpvuG0fw1GEFx6LtyY2pWI/Z2QgCnEYo=
github.com/cheggaaa/pb v1.0.29/go.mod h1:W40334L7FMC5JKWldsTWbdGjLo0RxUKK73K+TuPxX30=
github.com/davecgh/go-spew v1.1.0/go.mod h1:J7Y8YcW2NihsgmVo/mv3lAwl/skON4iLHjSsI+c5H38=
github.com/davecgh/go-spew v1.1.2-0.20180830191138-d8f796af33cc h1:U9qPSI2PIWSS1VwoXQT9A3Wy9MM3WgvqSxFWenqJduM=
github.com/davecgh/go-spew v1.1.2-0.20180830191138-d8f796af33cc/go.mod h1:J7Y8YcW2NihsgmVo/mv3lAwl/skON4iLHjSsI+c5H38=
github.com/decred/dcrd/dcrec/secp256k1/v4 v4.4.0 h1:NMZiJj8QnKe1LgsbDayM4UoHwbvwDRwnI3hwNaAHRnc=
github.com/decred/dcrd/dcrec/secp256k1/v4 v4.4.0/go.mod h1:ZXNYxsqcloTdSy/rNShjYzMhyjf0LaoftYK0p+A3h40=
github.com/dustin/go-humanize v1.0.1 h1:GzkhY7T5VNhEkwH0PVJgjz+fX1rhBrR7pRT3mDkpeCY=
github.com/dustin/go-humanize v1.0.1/go.mod h1:Mu1zIs6XwVuF/gI1OepvI0qD18qycQx+mFykh5fBlto=
github.com/erikgeiser/coninput v0.0.0-20211004153227-1c3628e74d0f h1:Y/CXytFA4m6baUTXGLOoWe4PQhGxaX0KpnayAqC48p4=
github.com/erikgeiser/coninput v0.0.0-20211004153227-1c3628e74d0f/go.mod h1:vw97MGsxSvLiUE2X8qFplwetxpGLQrlU1Q9AUEIzCaM=
github.com/fatih/color v1.9.0/go.mod h1:eQcE1qtQxscV5RaZvpXrrb8Drkc3/DdQ+uUYCNjL+zU=
github.com/fatih/color v1.18.0 h1:S8gINlzdQ840/4pfAwic/ZE0djQEH3wM94VfqLTZcOM=
github.com/fatih/color v1.18.0/go.mod h1:4FelSpRwEGDpQ12mAdzqdOukCy4u8WUtOY6lkT/6HfU=
github.com/go-ini/ini v1.67.0 h1:z6ZrTEZqSWOTyH2FlglNbNgARyHG8oLW9gMELqKr06A=
github.com/go-ini/ini v1.67.0/go.mod h1:ByCAeIL28uOIIG0E3PJtZPDL8WnHpFKFOtgjp+3Ies8=
github.com/go-ole/go-ole v1.2.6/go.mod h1:pprOEPIfldk/42T2oK7lQ4v4JSDwmV0As9GaiUsvbm0=
github.com/go-ole/go-ole v1.3.0 h1:Dt6ye7+vXGIKZ7Xtk4s6/xVdGDQynvom7xCFEdWr6uE=
github.com/go-ole/go-ole v1.3.0/go.mod h1:5LS6F96DhAwUc7C+1HLexzMXY1xGRSryjyPPKW6zv78=
github.com/goccy/go-json v0.10.5 h1:Fq85nIqj+gXn/S5ahsiTlK3TmC85qgirsdTP/+DeaC4=
github.com/goccy/go-json v0.10.5/go.mod h1:oq7eo15ShAhp70Anwd5lgX2pLfOS3QCiwU/PULtXL6M=
github.com/golang-jwt/jwt/v4 v4.5.2 h1:YtQM7lnr8iZ+j5q71MGKkNw9Mn7AjHM68uc9g5fXeUI=
github.com/golang-jwt/jwt/v4 v4.5.2/go.mod h1:m21LjoU+eqJr34lmDMbreY2eSTRJ1cv77w39/MY0Ch0=
github.com/golang/protobuf v1.2.0/go.mod h1:6lQm79b+lXiMfvg/cZm0SGofjICqVBUtrP5yJMmIC1U=
github.com/golang/protobuf v1.5.4 h1:i7eJL8qZTpSEXOPTxNKhASYpMn+8e5Q6AdndVa1dWek=
github.com/golang/protobuf v1.5.4/go.mod h1:lnTiLA8Wa4RWRcIUkrtSVa5nRhsEGBg48fD6rSs7xps=
github.com/google/go-cmp v0.7.0 h1:wk8382ETsv4JYUZwIsn6YpYiWiBsYLSJiTsyBybVuN8=
github.com/google/go-cmp v0.7.0/go.mod h1:pXiqmnSA92OHEEa9HXL2W4E7lf9JzCmGVUdgjX3N/iU=
github.com/google/uuid v1.6.0 h1:NIvaJDMOsjHA8n1jAhLSgzrAzy1Hgr+hNrb57e+94F0=
github.com/google/uuid v1.6.0/go.mod h1:TIyPZe4MgqvfeYDBFedMoGGpEw/LqOeaOT+nhxU+yHo=
github.com/hashicorp/errwrap v1.0.0/go.mod h1:YH+1FKiLXxHSkmPseP+kNlulaMuP3n2brvKWEqk/Jc4=
github.com/hashicorp/errwrap v1.1.0 h1:OxrOeh75EUXMY8TBjag2fzXGZ40LB6IKw45YeGUDY2I=
github.com/hashicorp/errwrap v1.1.0/go.mod h1:YH+1FKiLXxHSkmPseP+kNlulaMuP3n2brvKWEqk/Jc4=
github.com/hashicorp/go-multierror v1.0.0/go.mod h1:dHtQlpGsu+cZNNAkkCN/P3hoUDHhCYQXV3UM06sGGrk=
github.com/hashicorp/go-multierror v1.1.1 h1:H5DkEtf6CXdFp0N0Em5UCwQpXMWke8IA0+lD48awMYo=
github.com/hashicorp/go-multierror v1.1.1/go.mod h1:iw975J/qwKPdAO1clOe2L8331t/9/fmwbPZ6JB6eMoM=
github.com/influxdata/influxdb-client-go/v2 v2.14.0 h1:AjbBfJuq+QoaXNcrova8smSjwJdUHnwvfjMF71M1iI4=
github.com/influxdata/influxdb-client-go/v2 v2.14.0/go.mod h1:Ahpm3QXKMJslpXl3IftVLVezreAUtBOTZssDrjZEFHI=
github.com/influxdata/line-protocol v0.0.0-20210922203350-b1ad95c89adf h1:7JTmneyiNEwVBOHSjoMxiWAqB992atOeepeFYegn5RU=
github.com/influxdata/line-protocol v0.0.0-20210922203350-b1ad95c89adf/go.mod h1:xaLFMmpvUxqXtVkUJfg9QmT88cDaCJ3ZKgdZ78oO8Qo=
github.com/jfsmig/prng v0.0.2 h1:aZun+YgmBnUyhqvI+EDjwmOYc1kCPsihdEr9V/1YlGA=
github.com/jfsmig/prng v0.0.2/go.mod h1:bz1fX1aizp8/Lu1thLzfirh5uExjC1lVwB8SSt6ExpE=
github.com/juju/gnuflag v0.0.0-20171113085948-2ce1bb71843d/go.mod h1:2PavIy+JPciBPrBUjwbNvtwB6RQlve+hkpll6QSNmOE=
github.com/klauspost/compress v1.18.0 h1:c/Cqfb0r+Yi+JtIEq73FWXVkRonBlf0CRNYc8Zttxdo=
github.com/klauspost/compress v1.18.0/go.mod h1:2Pp+KzxcywXVXMr50+X0Q/Lsb43OQHYWRCY2AiWywWQ=
github.com/klauspost/cpuid/v2 v2.0.1/go.mod h1:FInQzS24/EEf25PyTYn52gqo7WaD8xa0213Md/qVLRg=
github.com/klauspost/cpuid/v2 v2.2.10 h1:tBs3QSyvjDyFTq3uoc/9xFpCuOsJQFNPiAhYdw2skhE=
github.com/klauspost/cpuid/v2 v2.2.10/go.mod h1:hqwkgyIinND0mEev00jJYCxPNVRVXFQeu1XKlok6oO0=
github.com/kr/pretty v0.3.1 h1:flRD4NNwYAUpkphVc1HcthR4KEIFJ65n8Mw5qdRn3LE=
github.com/kr/pretty v0.3.1/go.mod h1:hoEshYVHaxMs3cyo3Yncou5ZscifuDolrwPKZanG3xk=
github.com/kr/text v0.2.0 h1:5Nx0Ya0ZqY2ygV366QzturHI13Jq95ApcVaJBhpS+AY=
github.com/kr/text v0.2.0/go.mod h1:eLer722TekiGuMkidMxC/pM04lWEeraHUUmBw8l2grE=
github.com/lestrrat-go/blackmagic v1.0.3 h1:94HXkVLxkZO9vJI/w2u1T0DAoprShFd13xtnSINtDWs=
github.com/lestrrat-go/blackmagic v1.0.3/go.mod h1:6AWFyKNNj0zEXQYfTMPfZrAXUWUfTIZ5ECEUEJaijtw=
github.com/lestrrat-go/httpcc v1.0.1 h1:ydWCStUeJLkpYyjLDHihupbn2tYmZ7m22BGkcvZZrIE=
github.com/lestrrat-go/httpcc v1.0.1/go.mod h1:qiltp3Mt56+55GPVCbTdM9MlqhvzyuL6W/NMDA8vA5E=
github.com/lestrrat-go/httprc v1.0.6 h1:qgmgIRhpvBqexMJjA/PmwSvhNk679oqD1RbovdCGW8k=
github.com/lestrrat-go/httprc v1.0.6/go.mod h1:mwwz3JMTPBjHUkkDv/IGJ39aALInZLrhBp0X7KGUZlo=
github.com/lestrrat-go/iter v1.0.2 h1:gMXo1q4c2pHmC3dn8LzRhJfP1ceCbgSiT9lUydIzltI=
github.com/lestrrat-go/iter v1.0.2/go.mod h1:Momfcq3AnRlRjI5b5O8/G5/BvpzrhoFTZcn06fEOPt4=
github.com/lestrrat-go/jwx/v2 v2.1.5 h1:PQI5gzadLfJ22ckLrejPVX6eGXKM4M4eGi5fW2jjA3o=
github.com/lestrrat-go/jwx/v2 v2.1.5/go.mod h1:Y722kU5r/8mV7fYDifjug0r8FK8mZdw0K0GpJw/l8pU=
github.com/lestrrat-go/jwx/v2 v2.1.6 h1:hxM1gfDILk/l5ylers6BX/Eq1m/pnxe9NBwW6lVfecA=
github.com/lestrrat-go/jwx/v2 v2.1.6/go.mod h1:Y722kU5r/8mV7fYDifjug0r8FK8mZdw0K0GpJw/l8pU=
github.com/lestrrat-go/option v1.0.1 h1:oAzP2fvZGQKWkvHa1/SAcFolBEca1oN+mQ7eooNBEYU=
github.com/lestrrat-go/option v1.0.1/go.mod h1:5ZHFbivi4xwXxhxY9XHDe2FHo6/Z7WWmtT7T5nBBp3I=
github.com/lucasb-eyer/go-colorful v1.2.0 h1:1nnpGOrhyZZuNyfu1QjKiUICQ74+3FNCN69Aj6K7nkY=
github.com/lucasb-eyer/go-colorful v1.2.0/go.mod h1:R4dSotOR9KMtayYi1e77YzuveK+i7ruzyGqttikkLy0=
github.com/lufia/plan9stats v0.0.0-20250317134145-8bc96cf8fc35 h1:PpXWgLPs+Fqr325bN2FD2ISlRRztXibcX6e8f5FR5Dc=
github.com/lufia/plan9stats v0.0.0-20250317134145-8bc96cf8fc35/go.mod h1:autxFIvghDt3jPTLoqZ9OZ7s9qTGNAWmYCjVFWPX/zg=
github.com/mattn/go-colorable v0.1.4/go.mod h1:U0ppj6V5qS13XJ6of8GYAs25YV2eR4EVcfRqFIhoBtE=
github.com/mattn/go-colorable v0.1.14 h1:9A9LHSqF/7dyVVX6g0U9cwm9pG3kP9gSzcuIPHPsaIE=
github.com/mattn/go-colorable v0.1.14/go.mod h1:6LmQG8QLFO4G5z1gPvYEzlUgJ2wF+stgPZH1UqBm1s8=
github.com/mattn/go-isatty v0.0.8/go.mod h1:Iq45c/XA43vh69/j3iqttzPXn0bhXyGjM0Hdxcsrc5s=
github.com/mattn/go-isatty v0.0.11/go.mod h1:PhnuNfih5lzO57/f3n+odYbM4JtupLOxQOAqxQCu2WE=
github.com/mattn/go-isatty v0.0.20 h1:xfD0iDuEKnDkl03q4limB+vH+GxLEtL/jb4xVJSWWEY=
github.com/mattn/go-isatty v0.0.20/go.mod h1:W+V8PltTTMOvKvAeJH7IuucS94S2C6jfK/D7dTCTo3Y=
github.com/mattn/go-localereader v0.0.1 h1:ygSAOl7ZXTx4RdPYinUpg6W99U8jWvWi9Ye2JC/oIi4=
github.com/mattn/go-localereader v0.0.1/go.mod h1:8fBrzywKY7BI3czFoHkuzRoWE9C+EiG4R1k4Cjx5p88=
github.com/mattn/go-runewidth v0.0.4/go.mod h1:LwmH8dsx7+W8Uxz3IHJYH5QSwggIsqBzpuz5H//U1FU=
github.com/mattn/go-runewidth v0.0.16 h1:E5ScNMtiwvlvB5paMFdw9p4kSQzbXFikJ5SQO6TULQc=
github.com/mattn/go-runewidth v0.0.16/go.mod h1:Jdepj2loyihRzMpdS35Xk/zdY8IAYHsh153qUoGf23w=
github.com/matttproud/golang_protobuf_extensions v1.0.4 h1:mmDVorXM7PCGKw94cs5zkfA9PSy5pEvNWRP0ET0TIVo=
github.com/matttproud/golang_protobuf_extensions v1.0.4/go.mod h1:BSXmuO+STAnVfrANrmjBb36TMTDstsz7MSK+HVaYKv4=
github.com/minio/cli v1.24.2 h1:J+fCUh9mhPLjN3Lj/YhklXvxj8mnyE/D6FpFduXJ2jg=
github.com/minio/cli v1.24.2/go.mod h1:bYxnK0uS629N3Bq+AOZZ+6lwF77Sodk4+UL9vNuXhOY=
github.com/minio/crc64nvme v1.0.1 h1:DHQPrYPdqK7jQG/Ls5CTBZWeex/2FMS3G5XGkycuFrY=
github.com/minio/crc64nvme v1.0.1/go.mod h1:eVfm2fAzLlxMdUGc0EEBGSMmPwmXD5XiNRpnu9J3bvg=
github.com/minio/madmin-go/v4 v4.0.6 h1:n0gQDMraG0gpLPuX4Vr/ZgWojKSj64/bTcywMDaVvnM=
github.com/minio/madmin-go/v4 v4.0.6/go.mod h1:004fNJtbwzVaOwNNLfSlimPOtnusWpcXxcSxk+eeuI0=
github.com/minio/mc v0.0.0-20250416181326-b00526b153a3 h1:/+FyTH/5bujOr98IoeD0hEScySnujdArBXTownukILk=
github.com/minio/mc v0.0.0-20250416181326-b00526b153a3/go.mod h1:u2sfW0ODOs2EGYdRlh9YjVdJ6VjB4GwIYA82Bl/bmAU=
github.com/minio/md5-simd v1.1.2 h1:Gdi1DZK69+ZVMoNHRXJyNcxrMA4dSxoYHZSQbirFg34=
github.com/minio/md5-simd v1.1.2/go.mod h1:MzdKDxYpY2BT9XQFocsiZf/NKVtR7nkE4RoEpN+20RM=
github.com/minio/minio-go/v7 v7.0.91 h1:tWLZnEfo3OZl5PoXQwcwTAPNNrjyWwOh6cbZitW5JQc=
github.com/minio/minio-go/v7 v7.0.91/go.mod h1:uvMUcGrpgeSAAI6+sD3818508nUyMULw94j2Nxku/Go=
github.com/minio/mux v1.9.0 h1:dWafQFyEfGhJvK6AwLOt83bIG5bxKxKJnKMCi0XAaoA=
github.com/minio/mux v1.9.0/go.mod h1:1pAare17ZRL5GpmNL+9YmqHoWnLmMZF9C/ioUCfy0BQ=
github.com/minio/pkg/v3 v3.1.3 h1:6iBVcTPq7z29suUROciYUBpvLxfzDV3/+Ls0RFDOta8=
github.com/minio/pkg/v3 v3.1.3/go.mod h1:XIUU35+I9lWuTuMf94pwnQjvli6nZfRND6TjZGgqSEE=
github.com/minio/websocket v1.6.0 h1:CPvnQvNvlVaQmvw5gtJNyYQhg4+xRmrPNhBbv8BdpAE=
github.com/minio/websocket v1.6.0/go.mod h1:COH1CePZfHT9Ec1O7vZjTlX5uEPpyYnrifPNbu665DM=
github.com/muesli/ansi v0.0.0-20230316100256-276c6243b2f6 h1:ZK8zHtRHOkbHy6Mmr5D264iyp3TiX5OmNcI5cIARiQI=
github.com/muesli/ansi v0.0.0-20230316100256-276c6243b2f6/go.mod h1:CJlz5H+gyd6CUWT45Oy4q24RdLyn7Md9Vj2/ldJBSIo=
github.com/muesli/cancelreader v0.2.2 h1:3I4Kt4BQjOR54NavqnDogx/MIoWBFa0StPA8ELUXHmA=
github.com/muesli/cancelreader v0.2.2/go.mod h1:3XuTXfFS2VjM+HTLZY9Ak0l6eUKfijIfMUZ4EgX0QYo=
github.com/muesli/termenv v0.16.0 h1:S5AlUN9dENB57rsbnkPyfdGuWIlkmzJjbFf0Tf5FWUc=
github.com/muesli/termenv v0.16.0/go.mod h1:ZRfOIKPFDYQoDFF4Olj7/QJbW60Ol/kL1pU3VfY/Cnk=
github.com/munnerz/goautoneg v0.0.0-20191010083416-a7dc8b61c822 h1:C3w9PqII01/Oq1c1nUAm88MOHcQC9l5mIlSMApZMrHA=
github.com/munnerz/goautoneg v0.0.0-20191010083416-a7dc8b61c822/go.mod h1:+n7T8mK8HuQTcFwEeznm/DIxMOiR9yIdICNftLE1DvQ=
github.com/oapi-codegen/runtime v1.1.1 h1:EXLHh0DXIJnWhdRPN2w4MXAzFyE4CskzhNLUmtpMYro=
github.com/oapi-codegen/runtime v1.1.1/go.mod h1:SK9X900oXmPWilYR5/WKPzt3Kqxn/uS/+lbpREv+eCg=
github.com/philhofer/fwd v1.1.3-0.20240916144458-20a13a1f6b7c h1:dAMKvw0MlJT1GshSTtih8C2gDs04w8dReiOGXrGLNoY=
github.com/philhofer/fwd v1.1.3-0.20240916144458-20a13a1f6b7c/go.mod h1:RqIHx9QI14HlwKwm98g9Re5prTQ6LdeRQn+gXJFxsJM=
github.com/pmezard/go-difflib v1.0.0/go.mod h1:iKH77koFhYxTK1pcRnkKkqfTogsbg7gZNVY4sRDYZ/4=
github.com/pmezard/go-difflib v1.0.1-0.20181226105442-5d4384ee4fb2 h1:Jamvg5psRIccs7FGNTlIRMkT8wgtp5eCXdBlqhYGL6U=
github.com/pmezard/go-difflib v1.0.1-0.20181226105442-5d4384ee4fb2/go.mod h1:iKH77koFhYxTK1pcRnkKkqfTogsbg7gZNVY4sRDYZ/4=
github.com/posener/complete v1.2.3 h1:NP0eAhjcjImqslEwo/1hq7gpajME0fTLTezBKDqfXqo=
github.com/posener/complete v1.2.3/go.mod h1:WZIdtGGp+qx0sLrYKtIRAruyNpv6hFCicSgv7Sy7s/s=
github.com/power-devops/perfstat v0.0.0-20240221224432-82ca36839d55 h1:o4JXh1EVt9k/+g42oCprj/FisM4qX9L3sZB3upGN2ZU=
github.com/power-devops/perfstat v0.0.0-20240221224432-82ca36839d55/go.mod h1:OmDBASR4679mdNQnz2pUhc2G8CO2JrUAVFDRBDP/hJE=
github.com/prometheus/client_model v0.6.2 h1:oBsgwpGs7iVziMvrGhE53c/GrLUsZdHnqNwqPLxwZyk=
github.com/prometheus/client_model v0.6.2/go.mod h1:y3m2F6Gdpfy6Ut/GBsUqTWZqCUvMVzSfMLjcu6wAwpE=
github.com/prometheus/common v0.63.0 h1:YR/EIY1o3mEFP/kZCD7iDMnLPlGyuU2Gb3HIcXnA98k=
github.com/prometheus/common v0.63.0/go.mod h1:VVFF/fBIoToEnWRVkYoXEkq3R3paCoxG9PXP74SnV18=
github.com/prometheus/procfs v0.16.1 h1:hZ15bTNuirocR6u0JZ6BAHHmwS1p8B4P6MRqxtzMyRg=
github.com/prometheus/procfs v0.16.1/go.mod h1:teAbpZRB1iIAJYREa1LsoWUXykVXA1KlTmWl8x/U+Is=
github.com/prometheus/prom2json v1.4.2 h1:PxCTM+Whqi/eykO1MKsEL0p/zMpxp9ybpsmdFamw6po=
github.com/prometheus/prom2json v1.4.2/go.mod h1:zuvPm7u3epZSbXPWHny6G+o8ETgu6eAK3oPr6yFkRWE=
github.com/prometheus/prometheus v0.303.0 h1:wsNNsbd4EycMCphYnTmNY9JASBVbp7NWwJna857cGpA=
github.com/prometheus/prometheus v0.303.0/go.mod h1:8PMRi+Fk1WzopMDeb0/6hbNs9nV6zgySkU/zds5Lu3o=
github.com/rivo/uniseg v0.2.0/go.mod h1:J6wj4VEh+S6ZtnVlnTBMWIodfgj8LQOQFoIToxlJtxc=
github.com/rivo/uniseg v0.4.7 h1:WUdvkW8uEhrYfLC4ZzdpI2ztxP1I582+49Oc5Mq64VQ=
github.com/rivo/uniseg v0.4.7/go.mod h1:FN3SvrM+Zdj16jyLfmOkMNblXMcoc8DfTHruCPUcx88=
github.com/rjeczalik/notify v0.9.3 h1:6rJAzHTGKXGj76sbRgDiDcYj/HniypXmSJo1SWakZeY=
github.com/rjeczalik/notify v0.9.3/go.mod h1:gF3zSOrafR9DQEWSE8TjfI9NkooDxbyT4UgRGKZA0lc=
github.com/rogpeppe/go-internal v1.10.0 h1:TMyTOH3F/DB16zRVcYyreMH6GnZZrwQVAoYjRBZyWFQ=
github.com/rogpeppe/go-internal v1.10.0/go.mod h1:UQnix2H7Ngw/k4C5ijL5+65zddjncjaFoBhdsK/akog=
github.com/rs/xid v1.6.0 h1:fV591PaemRlL6JfRxGDEPl69wICngIQ3shQtzfy2gxU=
github.com/rs/xid v1.6.0/go.mod h1:7XoLgs4eV+QndskICGsho+ADou8ySMSjJKDIan90Nz0=
github.com/safchain/ethtool v0.5.10 h1:Im294gZtuf4pSGJRAOGKaASNi3wMeFaGaWuSaomedpc=
github.com/safchain/ethtool v0.5.10/go.mod h1:w9jh2Lx7YBR4UwzLkzCmWl85UY0W2uZdd7/DckVE5+c=
github.com/secure-io/sio-go v0.3.1 h1:dNvY9awjabXTYGsTF1PiCySl9Ltofk9GA3VdWlo7rRc=
github.com/secure-io/sio-go v0.3.1/go.mod h1:+xbkjDzPjwh4Axd07pRKSNriS9SCiYksWnZqdnfpQxs=
github.com/segmentio/asm v1.2.0 h1:9BQrFxC+YOHJlTlHGkTrFWf59nbL3XnCoFLTwDCI7ys=
github.com/segmentio/asm v1.2.0/go.mod h1:BqMnlJP91P8d+4ibuonYZw9mfnzI9HfxselHZr5aAcs=
github.com/shirou/gopsutil/v3 v3.24.5 h1:i0t8kL+kQTvpAYToeuiVk3TgDeKOFioZO3Ztz/iZ9pI=
github.com/shirou/gopsutil/v3 v3.24.5/go.mod h1:bsoOS1aStSs9ErQ1WWfxllSeS1K5D+U30r2NfcubMVk=
github.com/shoenig/go-m1cpu v0.1.6 h1:nxdKQNcEB6vzgA2E2bvzKIYRuNj7XNJ4S/aRSwKzFtM=
github.com/shoenig/go-m1cpu v0.1.6/go.mod h1:1JJMcUBvfNwpq05QDQVAnx3gUHr9IYF7GNg9SUEw2VQ=
github.com/shoenig/test v0.6.4 h1:kVTaSd7WLz5WZ2IaoM0RSzRsUD+m8wRR+5qvntpn4LU=
github.com/shoenig/test v0.6.4/go.mod h1:byHiCGXqrVaflBLAMq/srcZIHynQPQgeyvkvXnjqq0k=
github.com/spkg/bom v0.0.0-20160624110644-59b7046e48ad/go.mod h1:qLr4V1qq6nMqFKkMo8ZTx3f+BZEkzsRUY10Xsm2mwU0=
github.com/stretchr/objx v0.1.0/go.mod h1:HFkY916IF+rwdDfMAkV7OtwuqBVzrE8GR6GFx+wExME=
github.com/stretchr/testify v1.3.0/go.mod h1:M5WIy9Dh21IEIfnGCwXGc5bZfKNJtfHm1UVUgZn+9EI=
github.com/stretchr/testify v1.4.0/go.mod h1:j7eGeouHqKxXV5pUuKE4zz7dFj8WfuZ+81PSLYec5m4=
github.com/stretchr/testify v1.6.1/go.mod h1:6Fq8oRcR53rry900zMqJjRRixrwX3KX962/h/Wwjteg=
github.com/stretchr/testify v1.7.1/go.mod h1:6Fq8oRcR53rry900zMqJjRRixrwX3KX962/h/Wwjteg=
github.com/stretchr/testify v1.10.0 h1:Xv5erBjTwe/5IxqUQTdXv5kgmIvbHo3QQyRwhJsOfJA=
github.com/stretchr/testify v1.10.0/go.mod h1:r2ic/lqez/lEtzL7wO/rwa5dbSLXVDPFyf8C91i36aY=
github.com/tinylib/msgp v1.2.5 h1:WeQg1whrXRFiZusidTQqzETkRpGjFjcIhW6uqWH09po=
github.com/tinylib/msgp v1.2.5/go.mod h1:ykjzy2wzgrlvpDCRc4LA8UXy6D8bzMSuAF3WD57Gok0=
github.com/tklauser/go-sysconf v0.3.15 h1:VE89k0criAymJ/Os65CSn1IXaol+1wrsFHEB8Ol49K4=
github.com/tklauser/go-sysconf v0.3.15/go.mod h1:Dmjwr6tYFIseJw7a3dRLJfsHAMXZ3nEnL/aZY+0IuI4=
github.com/tklauser/numcpus v0.10.0 h1:18njr6LDBk1zuna922MgdjQuJFjrdppsZG60sHGfjso=
github.com/tklauser/numcpus v0.10.0/go.mod h1:BiTKazU708GQTYF4mB+cmlpT2Is1gLk7XVuEeem8LsQ=
github.com/xo/terminfo v0.0.0-20220910002029-abceb7e1c41e h1:JVG44RsyaB9T2KIHavMF/ppJZNG9ZpyihvCd0w101no=
github.com/xo/terminfo v0.0.0-20220910002029-abceb7e1c41e/go.mod h1:RbqR21r5mrJuqunuUZ/Dhy/avygyECGrLceyNeo4LiM=
github.com/yusufpapurcu/wmi v1.2.4 h1:zFUKzehAFReQwLys1b/iSMl+JQGSCSjtVqQn9bBrPo0=
github.com/yusufpapurcu/wmi v1.2.4/go.mod h1:SBZ9tNy3G9/m5Oi98Zks0QjeHVDvuK0qfxQmPyzfmi0=
golang.org/x/crypto v0.0.0-20190308221718-c2843e01d9a2/go.mod h1:djNgcEr1/C05ACkg1iLfiJU5Ep61QUkGW8qpdssI0+w=
golang.org/x/crypto v0.0.0-20200302210943-78000ba7a073/go.mod h1:LzIPMQfyMNhhGPhUkYOs5KpL4U8rLKemX1yGLhDgUto=
golang.org/x/crypto v0.37.0 h1:kJNSjF/Xp7kU0iB2Z+9viTPMW4EqqsrywMXLJOOsXSE=
golang.org/x/crypto v0.37.0/go.mod h1:vg+k43peMZ0pUMhYmVAWysMK35e6ioLh3wB8ZCAfbVc=
golang.org/x/exp v0.0.0-20250106191152-7588d65b2ba8 h1:yqrTHse8TCMW1M1ZCP+VAR/l0kKxwaAIqN/il7x4voA=
golang.org/x/exp v0.0.0-20250106191152-7588d65b2ba8/go.mod h1:tujkw807nyEEAamNbDrEGzRav+ilXA7PCRAd6xsmwiU=
golang.org/x/net v0.0.0-20190404232315-eb5bcb51f2a3/go.mod h1:t9HGtf8HONx5eT2rtn7q6eTqICYqUVnKs3thJo3Qplg=
golang.org/x/net v0.39.0 h1:ZCu7HMWDxpXpaiKdhzIfaltL9Lp31x/3fCP11bc6/fY=
golang.org/x/net v0.39.0/go.mod h1:X7NRbYVEA+ewNkCNyJ513WmMdQ3BineSwVtN2zD/d+E=
golang.org/x/sync v0.0.0-20181221193216-37e7f081c4d4/go.mod h1:RxMgew5VJxzue5/jJTE5uejpjVlOe/izrB70Jof72aM=
golang.org/x/sync v0.13.0 h1:AauUjRAJ9OSnvULf/ARrrVywoJDy0YS2AwQ98I37610=
golang.org/x/sync v0.13.0/go.mod h1:1dzgHSNfp02xaA81J2MS99Qcpr2w7fw1gpm99rleRqA=
golang.org/x/sys v0.0.0-20180926160741-c2ed4eda69e7/go.mod h1:STP8DvDyc/dI5b8T5hshtkjS+E42TnysNCUPdjciGhY=
golang.org/x/sys v0.0.0-20190215142949-d0b11bdaac8a/go.mod h1:STP8DvDyc/dI5b8T5hshtkjS+E42TnysNCUPdjciGhY=
golang.org/x/sys v0.0.0-20190222072716-a9d3bda3a223/go.mod h1:STP8DvDyc/dI5b8T5hshtkjS+E42TnysNCUPdjciGhY=
golang.org/x/sys v0.0.0-20190412213103-97732733099d/go.mod h1:h1NjWce9XRLGQEsW7wpKNCjG9DtNlClVuFLEZdDNbEs=
golang.org/x/sys v0.0.0-20190916202348-b4ddaad3f8a3/go.mod h1:h1NjWce9XRLGQEsW7wpKNCjG9DtNlClVuFLEZdDNbEs=
golang.org/x/sys v0.0.0-20191026070338-33540a1f6037/go.mod h1:h1NjWce9XRLGQEsW7wpKNCjG9DtNlClVuFLEZdDNbEs=
golang.org/x/sys v0.0.0-20200302150141-5c8b2ff67527/go.mod h1:h1NjWce9XRLGQEsW7wpKNCjG9DtNlClVuFLEZdDNbEs=
golang.org/x/sys v0.0.0-20201204225414-ed752295db88/go.mod h1:h1NjWce9XRLGQEsW7wpKNCjG9DtNlClVuFLEZdDNbEs=
golang.org/x/sys v0.0.0-20210809222454-d867a43fc93e/go.mod h1:oPkhp1MJrh7nUepCBck5+mAzfO9JrbApNNgaTdGDITg=
golang.org/x/sys v0.1.0/go.mod h1:oPkhp1MJrh7nUepCBck5+mAzfO9JrbApNNgaTdGDITg=
golang.org/x/sys v0.6.0/go.mod h1:oPkhp1MJrh7nUepCBck5+mAzfO9JrbApNNgaTdGDITg=
golang.org/x/sys v0.29.0/go.mod h1:/VUhepiaJMQUp4+oa/7Zr1D23ma6VTLIYjOOTFZPUcA=
golang.org/x/sys v0.32.0 h1:s77OFDvIQeibCmezSnk/q6iAfkdiQaJi4VzroCFrN20=
golang.org/x/sys v0.32.0/go.mod h1:BJP2sWEmIv4KK5OTEluFJCKSidICx8ciO85XgH3Ak8k=
golang.org/x/text v0.3.0/go.mod h1:NqM8EUOU14njkJ3fqMW+pc6Ldnwhi/IjpwHt7yyuwOQ=
golang.org/x/text v0.24.0 h1:dd5Bzh4yt5KYA8f9CJHCP4FB4D51c2c6JvN37xJJkJ0=
golang.org/x/text v0.24.0/go.mod h1:L8rBsPeo2pSS+xqN0d5u2ikmjtmoJbDBT1b7nHvFCdU=
golang.org/x/time v0.11.0 h1:/bpjEDfN9tkoN/ryeYHnv5hcMlc8ncjMcM4XBk5NWV0=
golang.org/x/time v0.11.0/go.mod h1:CDIdPxbZBQxdj6cxyCIdrNogrJKMJ7pr37NYpMcMDSg=
google.golang.org/protobuf v1.36.6 h1:z1NpPI8ku2WgiWnf+t9wTPsn6eP1L7ksHUlkfLvd9xY=
google.golang.org/protobuf v1.36.6/go.mod h1:jduwjTPXsFjZGTmRluh+L6NjiWu7pchiJ2/5YcXBHnY=
gopkg.in/check.v1 v0.0.0-20161208181325-20d25e280405/go.mod h1:Co6ibVJAznAaIkqp8huTwlJQCZ016jof/cbN4VW5Yz0=
gopkg.in/check.v1 v1.0.0-20201130134442-10cb98267c6c h1:Hei/4ADfdWqJk1ZMxUNpqntNwaWcugrBjAiHlqqRiVk=
gopkg.in/check.v1 v1.0.0-20201130134442-10cb98267c6c/go.mod h1:JHkPIbrfpd72SG/EVd6muEfDQjcINNoR0C8j2r3qZ4Q=
gopkg.in/urfave/cli.v1 v1.20.0/go.mod h1:vuBzUtMdQeixQj8LVd+/98pzhxNGQoyuPBlsXHOQNO0=
gopkg.in/yaml.v2 v2.2.2/go.mod h1:hI93XBmqTisBFMUTm0b8Fm+jr3Dg1NNxqwp+5A1VGuI=
gopkg.in/yaml.v3 v3.0.0-20200313102051-9f266ea9e77c/go.mod h1:K4uyk7z7BCEPqu6E+C64Yfv1cQ7kz7rIZviUmN+EgEM=
gopkg.in/yaml.v3 v3.0.1 h1:fxVm/GzAzEWqLHuvctI91KS9hhNmmWOoWu0XTYJS7CA=
gopkg.in/yaml.v3 v3.0.1/go.mod h1:K4uyk7z7BCEPqu6E+C64Yfv1cQ7kz7rIZviUmN+EgEM=
